
Microsoft Visual Studio Solution File, Format Version 12.00
# Visual Studio 15
VisualStudioVersion = 15.0.27130.2010
MinimumVisualStudioVersion = 10.0.40219.1
Project("{FAE04EC0-301F-11D3-BF4B-00C04F79EFBC}") = "net-core-travis-demo", "net-core-travis-demo\net-core-travis-demo.csproj", "{BB150F11-CC8C-4771-9829-61CFD1816B05}"
EndProject
Global
	GlobalSection(SolutionConfigurationPlatforms) = preSolution
		Debug|Any CPU = Debug|Any CPU
		Release|Any CPU = Release|Any CPU
	EndGlobalSection
	GlobalSection(ProjectConfigurationPlatforms) = postSolution
		{BB150F11-CC8C-4771-9829-61CFD1816B05}.Debug|Any CPU.ActiveCfg = Debug|Any CPU
		{BB150F11-CC8C-4771-9829-61CFD1816B05}.Debug|Any CPU.Build.0 = Debug|Any CPU
		{BB150F11-CC8C-4771-9829-61CFD1816B05}.Release|Any CPU.ActiveCfg = Release|Any CPU
		{BB150F11-CC8C-4771-9829-61CFD1816B05}.Release|Any CPU.Build.0 = Release|Any CPU
	EndGlobalSection
	GlobalSection(SolutionProperties) = preSolution
		HideSolutionNode = FALSE
	EndGlobalSection
	GlobalSection(ExtensibilityGlobals) = postSolution
		SolutionGuid = {213B6042-14D1-4891-BA3F-E011F380344F}
	EndGlobalSection
EndGlobal
